// !$*UTF8*$!
{
	archiveVersion = 1;
	classes = {
	};
	objectVersion = 46;
	objects = {

/* Begin PBXBuildFile section */
		86A364801F1C2EA9001085E1 /* AppDelegate.swift in Sources */ = {isa = PBXBuildFile; fileRef = 86A3647F1F1C2EA9001085E1 /* AppDelegate.swift */; };
		86A364841F1C2EA9001085E1 /* GameScene.swift in Sources */ = {isa = PBXBuildFile; fileRef = 86A364831F1C2EA9001085E1 /* GameScene.swift */; };
		86A364861F1C2EA9001085E1 /* GameViewController.swift in Sources */ = {isa = PBXBuildFile; fileRef = 86A364851F1C2EA9001085E1 /* GameViewController.swift */; };
		86A364891F1C2EA9001085E1 /* Main.storyboard in Resources */ = {isa = PBXBuildFile; fileRef = 86A364871F1C2EA9001085E1 /* Main.storyboard */; };
		86A3648B1F1C2EA9001085E1 /* Assets.xcassets in Resources */ = {isa = PBXBuildFile; fileRef = 86A3648A1F1C2EA9001085E1 /* Assets.xcassets */; };
		86A3648E1F1C2EA9001085E1 /* LaunchScreen.storyboard in Resources */ = {isa = PBXBuildFile; fileRef = 86A3648C1F1C2EA9001085E1 /* LaunchScreen.storyboard */; };
		86A364991F1C2EA9001085E1 /* TetriosTests.swift in Sources */ = {isa = PBXBuildFile; fileRef = 86A364981F1C2EA9001085E1 /* TetriosTests.swift */; };
		86A364A41F1C2EA9001085E1 /* TetriosUITests.swift in Sources */ = {isa = PBXBuildFile; fileRef = 86A364A31F1C2EA9001085E1 /* TetriosUITests.swift */; };
		86A364C01F1D833E001085E1 /* Array2D.swift in Sources */ = {isa = PBXBuildFile; fileRef = 86A364BF1F1D833E001085E1 /* Array2D.swift */; };
/* End PBXBuildFile section */

/* Begin PBXContainerItemProxy section */
		86A364951F1C2EA9001085E1 /* PBXContainerItemProxy */ = {
			isa = PBXContainerItemProxy;
			containerPortal = 86A364741F1C2EA9001085E1 /* Project object */;
			proxyType = 1;
			remoteGlobalIDString = 86A3647B1F1C2EA9001085E1;
			remoteInfo = Tetrios;
		};
		86A364A01F1C2EA9001085E1 /* PBXContainerItemProxy */ = {
			isa = PBXContainerItemProxy;
			containerPortal = 86A364741F1C2EA9001085E1 /* Project object */;
			proxyType = 1;
			remoteGlobalIDString = 86A3647B1F1C2EA9001085E1;
			remoteInfo = Tetrios;
		};
/* End PBXContainerItemProxy section */

/* Begin PBXFileReference section */
		86A3647C1F1C2EA9001085E1 /* Tetrios.app */ = {isa = PBXFileReference; explicitFileType = wrapper.application; includeInIndex = 0; path = Tetrios.app; sourceTree = BUILT_PRODUCTS_DIR; };
		86A3647F1F1C2EA9001085E1 /* AppDelegate.swift */ = {isa = PBXFileReference; lastKnownFileType = sourcecode.swift; path = AppDelegate.swift; sourceTree = "<group>"; };
		86A364831F1C2EA9001085E1 /* GameScene.swift */ = {isa = PBXFileReference; lastKnownFileType = sourcecode.swift; path = GameScene.swift; sourceTree = "<group>"; };
		86A364851F1C2EA9001085E1 /* GameViewController.swift */ = {isa = PBXFileReference; lastKnownFileType = sourcecode.swift; path = GameViewController.swift; sourceTree = "<group>"; };
		86A364881F1C2EA9001085E1 /* Base */ = {isa = PBXFileReference; lastKnownFileType = file.storyboard; name = Base; path = Base.lproj/Main.storyboard; sourceTree = "<group>"; };
		86A3648A1F1C2EA9001085E1 /* Assets.xcassets */ = {isa = PBXFileReference; lastKnownFileType = folder.assetcatalog; path = Assets.xcassets; sourceTree = "<group>"; };
		86A3648D1F1C2EA9001085E1 /* Base */ = {isa = PBXFileReference; lastKnownFileType = file.storyboard; name = Base; path = Base.lproj/LaunchScreen.storyboard; sourceTree = "<group>"; };
		86A3648F1F1C2EA9001085E1 /* Info.plist */ = {isa = PBXFileReference; lastKnownFileType = text.plist.xml; path = Info.plist; sourceTree = "<group>"; };
		86A364941F1C2EA9001085E1 /* TetriosTests.xctest */ = {isa = PBXFileReference; explicitFileType = wrapper.cfbundle; includeInIndex = 0; path = TetriosTests.xctest; sourceTree = BUILT_PRODUCTS_DIR; };
		86A364981F1C2EA9001085E1 /* TetriosTests.swift */ = {isa = PBXFileReference; lastKnownFileType = sourcecode.swift; path = TetriosTests.swift; sourceTree = "<group>"; };
		86A3649A1F1C2EA9001085E1 /* Info.plist */ = {isa = PBXFileReference; lastKnownFileType = text.plist.xml; path = Info.plist; sourceTree = "<group>"; };
		86A3649F1F1C2EA9001085E1 /* TetriosUITests.xctest */ = {isa = PBXFileReference; explicitFileType = wrapper.cfbundle; includeInIndex = 0; path = TetriosUITests.xctest; sourceTree = BUILT_PRODUCTS_DIR; };
		86A364A31F1C2EA9001085E1 /* TetriosUITests.swift */ = {isa = PBXFileReference; lastKnownFileType = sourcecode.swift; path = TetriosUITests.swift; sourceTree = "<group>"; };
		86A364A51F1C2EA9001085E1 /* Info.plist */ = {isa = PBXFileReference; lastKnownFileType = text.plist.xml; path = Info.plist; sourceTree = "<group>"; };
		86A364BF1F1D833E001085E1 /* Array2D.swift */ = {isa = PBXFileReference; fileEncoding = 4; lastKnownFileType = sourcecode.swift; path = Array2D.swift; sourceTree = "<group>"; };
/* End PBXFileReference section */

/* Begin PBXFrameworksBuildPhase section */
		86A364791F1C2EA9001085E1 /* Frameworks */ = {
			isa = PBXFrameworksBuildPhase;
			buildActionMask = 2147483647;
			files = (
			);
			runOnlyForDeploymentPostprocessing = 0;
		};
		86A364911F1C2EA9001085E1 /* Frameworks */ = {
			isa = PBXFrameworksBuildPhase;
			buildActionMask = 2147483647;
			files = (
			);
			runOnlyForDeploymentPostprocessing = 0;
		};
		86A3649C1F1C2EA9001085E1 /* Frameworks */ = {
			isa = PBXFrameworksBuildPhase;
			buildActionMask = 2147483647;
			files = (
			);
			runOnlyForDeploymentPostprocessing = 0;
		};
/* End PBXFrameworksBuildPhase section */

/* Begin PBXGroup section */
		86A364731F1C2EA9001085E1 = {
			isa = PBXGroup;
			children = (
				86A3647E1F1C2EA9001085E1 /* Tetrios */,
				86A364971F1C2EA9001085E1 /* TetriosTests */,
				86A364A21F1C2EA9001085E1 /* TetriosUITests */,
				86A3647D1F1C2EA9001085E1 /* Products */,
			);
			sourceTree = "<group>";
		};
		86A3647D1F1C2EA9001085E1 /* Products */ = {
			isa = PBXGroup;
			children = (
				86A3647C1F1C2EA9001085E1 /* Tetrios.app */,
				86A364941F1C2EA9001085E1 /* TetriosTests.xctest */,
				86A3649F1F1C2EA9001085E1 /* TetriosUITests.xctest */,
			);
			name = Products;
			sourceTree = "<group>";
		};
		86A3647E1F1C2EA9001085E1 /* Tetrios */ = {
			isa = PBXGroup;
			children = (
				86A3647F1F1C2EA9001085E1 /* AppDelegate.swift */,
				86A364831F1C2EA9001085E1 /* GameScene.swift */,
				86A364851F1C2EA9001085E1 /* GameViewController.swift */,
				86A364871F1C2EA9001085E1 /* Main.storyboard */,
				86A3648A1F1C2EA9001085E1 /* Assets.xcassets */,
				86A364BF1F1D833E001085E1 /* Array2D.swift */,
				86A3648C1F1C2EA9001085E1 /* LaunchScreen.storyboard */,
				86A3648F1F1C2EA9001085E1 /* Info.plist */,
			);
			path = Tetrios;
			sourceTree = "<group>";
		};
		86A364971F1C2EA9001085E1 /* TetriosTests */ = {
			isa = PBXGroup;
			children = (
				86A364981F1C2EA9001085E1 /* TetriosTests.swift */,
				86A3649A1F1C2EA9001085E1 /* Info.plist */,
			);
			path = TetriosTests;
			sourceTree = "<group>";
		};
		86A364A21F1C2EA9001085E1 /* TetriosUITests */ = {
			isa = PBXGroup;
			children = (
				86A364A31F1C2EA9001085E1 /* TetriosUITests.swift */,
				86A364A51F1C2EA9001085E1 /* Info.plist */,
			);
			path = TetriosUITests;
			sourceTree = "<group>";
		};
/* End PBXGroup section */

/* Begin PBXNativeTarget section */
		86A3647B1F1C2EA9001085E1 /* Tetrios */ = {
			isa = PBXNativeTarget;
			buildConfigurationList = 86A364A81F1C2EA9001085E1 /* Build configuration list for PBXNativeTarget "Tetrios" */;
			buildPhases = (
				86A364781F1C2EA9001085E1 /* Sources */,
				86A364791F1C2EA9001085E1 /* Frameworks */,
				86A3647A1F1C2EA9001085E1 /* Resources */,
			);
			buildRules = (
			);
			dependencies = (
			);
			name = Tetrios;
			productName = Tetrios;
			productReference = 86A3647C1F1C2EA9001085E1 /* Tetrios.app */;
			productType = "com.apple.product-type.application";
		};
		86A364931F1C2EA9001085E1 /* TetriosTests */ = {
			isa = PBXNativeTarget;
			buildConfigurationList = 86A364AB1F1C2EA9001085E1 /* Build configuration list for PBXNativeTarget "TetriosTests" */;
			buildPhases = (
				86A364901F1C2EA9001085E1 /* Sources */,
				86A364911F1C2EA9001085E1 /* Frameworks */,
				86A364921F1C2EA9001085E1 /* Resources */,
			);
			buildRules = (
			);
			dependencies = (
				86A364961F1C2EA9001085E1 /* PBXTargetDependency */,
			);
			name = TetriosTests;
			productName = TetriosTests;
			productReference = 86A364941F1C2EA9001085E1 /* TetriosTests.xctest */;
			productType = "com.apple.product-type.bundle.unit-test";
		};
		86A3649E1F1C2EA9001085E1 /* TetriosUITests */ = {
			isa = PBXNativeTarget;
			buildConfigurationList = 86A364AE1F1C2EA9001085E1 /* Build configuration list for PBXNativeTarget "TetriosUITests" */;
			buildPhases = (
				86A3649B1F1C2EA9001085E1 /* Sources */,
				86A3649C1F1C2EA9001085E1 /* Frameworks */,
				86A3649D1F1C2EA9001085E1 /* Resources */,
			);
			buildRules = (
			);
			dependencies = (
				86A364A11F1C2EA9001085E1 /* PBXTargetDependency */,
			);
			name = TetriosUITests;
			productName = TetriosUITests;
			productReference = 86A3649F1F1C2EA9001085E1 /* TetriosUITests.xctest */;
			productType = "com.apple.product-type.bundle.ui-testing";
		};
/* End PBXNativeTarget section */

/* Begin PBXProject section */
		86A364741F1C2EA9001085E1 /* Project object */ = {
			isa = PBXProject;
			attributes = {
				LastSwiftUpdateCheck = 0730;
				LastUpgradeCheck = 0730;
				ORGANIZATIONNAME = "Alex Pan";
				TargetAttributes = {
					86A3647B1F1C2EA9001085E1 = {
						CreatedOnToolsVersion = 7.3.1;
						DevelopmentTeam = ZVT35BPH8W;
					};
					86A364931F1C2EA9001085E1 = {
						CreatedOnToolsVersion = 7.3.1;
						TestTargetID = 86A3647B1F1C2EA9001085E1;
					};
					86A3649E1F1C2EA9001085E1 = {
						CreatedOnToolsVersion = 7.3.1;
						TestTargetID = 86A3647B1F1C2EA9001085E1;
					};
				};
			};
			buildConfigurationList = 86A364771F1C2EA9001085E1 /* Build configuration list for PBXProject "Tetrios" */;
			compatibilityVersion = "Xcode 3.2";
			developmentRegion = English;
			hasScannedForEncodings = 0;
			knownRegions = (
				en,
				Base,
			);
			mainGroup = 86A364731F1C2EA9001085E1;
			productRefGroup = 86A3647D1F1C2EA9001085E1 /* Products */;
			projectDirPath = "";
			projectRoot = "";
			targets = (
				86A3647B1F1C2EA9001085E1 /* Tetrios */,
				86A364931F1C2EA9001085E1 /* TetriosTests */,
				86A3649E1F1C2EA9001085E1 /* TetriosUITests */,
			);
		};
/* End PBXProject section */

/* Begin PBXResourcesBuildPhase section */
		86A3647A1F1C2EA9001085E1 /* Resources */ = {
			isa = PBXResourcesBuildPhase;
			buildActionMask = 2147483647;
			files = (
				86A3648E1F1C2EA9001085E1 /* LaunchScreen.storyboard in Resources */,
				86A3648B1F1C2EA9001085E1 /* Assets.xcassets in Resources */,
				86A364891F1C2EA9001085E1 /* Main.storyboard in Resources */,
			);
			runOnlyForDeploymentPostprocessing = 0;
		};
		86A364921F1C2EA9001085E1 /* Resources */ = {
			isa = PBXResourcesBuildPhase;
			buildActionMask = 2147483647;
			files = (
			);
			runOnlyForDeploymentPostprocessing = 0;
		};
		86A3649D1F1C2EA9001085E1 /* Resources */ = {
			isa = PBXResourcesBuildPhase;
			buildActionMask = 2147483647;
			files = (
			);
			runOnlyForDeploymentPostprocessing = 0;
		};
/* End PBXResourcesBuildPhase section */

/* Begin PBXSourcesBuildPhase section */
		86A364781F1C2EA9001085E1 /* Sources */ = {
			isa = PBXSourcesBuildPhase;
			buildActionMask = 2147483647;
			files = (
				86A364841F1C2EA9001085E1 /* GameScene.swift in Sources */,
				86A364C01F1D833E001085E1 /* Array2D.swift in Sources */,
				86A364861F1C2EA9001085E1 /* GameViewController.swift in Sources */,
				86A364801F1C2EA9001085E1 /* AppDelegate.swift in Sources */,
			);
			runOnlyForDeploymentPostprocessing = 0;
		};
		86A364901F1C2EA9001085E1 /* Sources */ = {
			isa = PBXSourcesBuildPhase;
			buildActionMask = 2147483647;
			files = (
				86A364991F1C2EA9001085E1 /* TetriosTests.swift in Sources */,
			);
			runOnlyForDeploymentPostprocessing = 0;
		};
		86A3649B1F1C2EA9001085E1 /* Sources */ = {
			isa = PBXSourcesBuildPhase;
			buildActionMask = 2147483647;
			files = (
				86A364A41F1C2EA9001085E1 /* TetriosUITests.swift in Sources */,
			);
			runOnlyForDeploymentPostprocessing = 0;
		};
/* End PBXSourcesBuildPhase section */

/* Begin PBXTargetDependency section */
		86A364961F1C2EA9001085E1 /* PBXTargetDependency */ = {
			isa = PBXTargetDependency;
			target = 86A3647B1F1C2EA9001085E1 /* Tetrios */;
			targetProxy = 86A364951F1C2EA9001085E1 /* PBXContainerItemProxy */;
		};
		86A364A11F1C2EA9001085E1 /* PBXTargetDependency */ = {
			isa = PBXTargetDependency;
			target = 86A3647B1F1C2EA9001085E1 /* Tetrios */;
			targetProxy = 86A364A01F1C2EA9001085E1 /* PBXContainerItemProxy */;
		};
/* End PBXTargetDependency section */

/* Begin PBXVariantGroup section */
		86A364871F1C2EA9001085E1 /* Main.storyboard */ = {
			isa = PBXVariantGroup;
			children = (
				86A364881F1C2EA9001085E1 /* Base */,
			);
			name = Main.storyboard;
			sourceTree = "<group>";
		};
		86A3648C1F1C2EA9001085E1 /* LaunchScreen.storyboard */ = {
			isa = PBXVariantGroup;
			children = (
				86A3648D1F1C2EA9001085E1 /* Base */,
			);
			name = LaunchScreen.storyboard;
			sourceTree = "<group>";
		};
/* End PBXVariantGroup section */

/* Begin XCBuildConfiguration section */
		86A364A61F1C2EA9001085E1 /* Debug */ = {
			isa = XCBuildConfiguration;
			buildSettings = {
				ALWAYS_SEARCH_USER_PATHS = NO;
				CLANG_ANALYZER_NONNULL = YES;
				CLANG_CXX_LANGUAGE_STANDARD = "gnu++0x";
				CLANG_CXX_LIBRARY = "libc++";
				CLANG_ENABLE_MODULES = YES;
				CLANG_ENABLE_OBJC_ARC = YES;
				CLANG_WARN_BOOL_CONVERSION = YES;
				CLANG_WARN_CONSTANT_CONVERSION = YES;
				CLANG_WARN_DIRECT_OBJC_ISA_USAGE = YES_ERROR;
				CLANG_WARN_EMPTY_BODY = YES;
				CLANG_WARN_ENUM_CONVERSION = YES;
				CLANG_WARN_INT_CONVERSION = YES;
				CLANG_WARN_OBJC_ROOT_CLASS = YES_ERROR;
				CLANG_WARN_UNREACHABLE_CODE = YES;
				CLANG_WARN__DUPLICATE_METHOD_MATCH = YES;
				"CODE_SIGN_IDENTITY[sdk=iphoneos*]" = "iPhone Developer";
				COPY_PHASE_STRIP = NO;
				DEBUG_INFORMATION_FORMAT = "dwarf-with-dsym";
				ENABLE_STRICT_OBJC_MSGSEND = YES;
				ENABLE_TESTABILITY = YES;
				GCC_C_LANGUAGE_STANDARD = gnu99;
				GCC_DYNAMIC_NO_PIC = NO;
				GCC_NO_COMMON_BLOCKS = YES;
				GCC_OPTIMIZATION_LEVEL = 0;
				GCC_PREPROCESSOR_DEFINITIONS = (
					"DEBUG=1",
					"$(inherited)",
				);
				GCC_WARN_64_TO_32_BIT_CONVERSION = YES;
				GCC_WARN_ABOUT_RETURN_TYPE = YES_ERROR;
				GCC_WARN_UNDECLARED_SELECTOR = YES;
				GCC_WARN_UNINITIALIZED_AUTOS = YES_AGGRESSIVE;
				GCC_WARN_UNUSED_FUNCTION = YES;
				GCC_WARN_UNUSED_VARIABLE = YES;
				IPHONEOS_DEPLOYMENT_TARGET = 9.3;
				MTL_ENABLE_DEBUG_INFO = YES;
				ONLY_ACTIVE_ARCH = YES;
				SDKROOT = iphoneos;
				SWIFT_OPTIMIZATION_LEVEL = "-Onone";
			};
			name = Debug;
		};
		86A364A71F1C2EA9001085E1 /* Release */ = {
			isa = XCBuildConfiguration;
			buildSettings = {
				ALWAYS_SEARCH_USER_PATHS = NO;
				CLANG_ANALYZER_NONNULL = YES;
				CLANG_CXX_LANGUAGE_STANDARD = "gnu++0x";
				CLANG_CXX_LIBRARY = "libc++";
				CLANG_ENABLE_MODULES = YES;
				CLANG_ENABLE_OBJC_ARC = YES;
				CLANG_WARN_BOOL_CONVERSION = YES;
				CLANG_WARN_CONSTANT_CONVERSION = YES;
				CLANG_WARN_DIRECT_OBJC_ISA_USAGE = YES_ERROR;
				CLANG_WARN_EMPTY_BODY = YES;
				CLANG_WARN_ENUM_CONVERSION = YES;
				CLANG_WARN_INT_CONVERSION = YES;
				CLANG_WARN_OBJC_ROOT_CLASS = YES_ERROR;
				CLANG_WARN_UNREACHABLE_CODE = YES;
				CLANG_WARN__DUPLICATE_METHOD_MATCH = YES;
				"CODE_SIGN_IDENTITY[sdk=iphoneos*]" = "iPhone Developer";
				COPY_PHASE_STRIP = NO;
				DEBUG_INFORMATION_FORMAT = "dwarf-with-dsym";
				ENABLE_NS_ASSERTIONS = NO;
				ENABLE_STRICT_OBJC_MSGSEND = YES;
				GCC_C_LANGUAGE_STANDARD = gnu99;
				GCC_NO_COMMON_BLOCKS = YES;
				GCC_WARN_64_TO_32_BIT_CONVERSION = YES;
				GCC_WARN_ABOUT_RETURN_TYPE = YES_ERROR;
				GCC_WARN_UNDECLARED_SELECTOR = YES;
				GCC_WARN_UNINITIALIZED_AUTOS = YES_AGGRESSIVE;
				GCC_WARN_UNUSED_FUNCTION = YES;
				GCC_WARN_UNUSED_VARIABLE = YES;
				IPHONEOS_DEPLOYMENT_TARGET = 9.3;
				MTL_ENABLE_DEBUG_INFO = NO;
				SDKROOT = iphoneos;
				VALIDATE_PRODUCT = YES;
			};
			name = Release;
		};
		86A364A91F1C2EA9001085E1 /* Debug */ = {
			isa = XCBuildConfiguration;
			buildSettings = {
				ASSETCATALOG_COMPILER_APPICON_NAME = AppIcon;
				CODE_SIGN_IDENTITY = "iPhone Developer";
				INFOPLIST_FILE = Tetrios/Info.plist;
				IPHONEOS_DEPLOYMENT_TARGET = 8.0;
				LD_RUNPATH_SEARCH_PATHS = "$(inherited) @executable_path/Frameworks";
				PRODUCT_BUNDLE_IDENTIFIER = "Alex-Pan.Tetrios";
				PRODUCT_NAME = "$(TARGET_NAME)";
			};
			name = Debug;
		};
		86A364AA1F1C2EA9001085E1 /* Release */ = {
			isa = XCBuildConfiguration;
			buildSettings = {
				ASSETCATALOG_COMPILER_APPICON_NAME = AppIcon;
				CODE_SIGN_IDENTITY = "iPhone Developer";
				INFOPLIST_FILE = Tetrios/Info.plist;
				IPHONEOS_DEPLOYMENT_TARGET = 8.0;
				LD_RUNPATH_SEARCH_PATHS = "$(inherited) @executable_path/Frameworks";
				PRODUCT_BUNDLE_IDENTIFIER = "Alex-Pan.Tetrios";
				PRODUCT_NAME = "$(TARGET_NAME)";
			};
			name = Release;
		};
		86A364AC1F1C2EA9001085E1 /* Debug */ = {
			isa = XCBuildConfiguration;
			buildSettings = {
				BUNDLE_LOADER = "$(TEST_HOST)";
				DEBUG_INFORMATION_FORMAT = dwarf;
				INFOPLIST_FILE = TetriosTests/Info.plist;
				LD_RUNPATH_SEARCH_PATHS = "$(inherited) @executable_path/Frameworks @loader_path/Frameworks";
				PRODUCT_BUNDLE_IDENTIFIER = "Alex-Pan.TetriosTests";
				PRODUCT_NAME = "$(TARGET_NAME)";
				TEST_HOST = "$(BUILT_PRODUCTS_DIR)/Tetrios.app/Tetrios";
			};
			name = Debug;
		};
		86A364AD1F1C2EA9001085E1 /* Release */ = {
			isa = XCBuildConfiguration;
			buildSettings = {
				BUNDLE_LOADER = "$(TEST_HOST)";
				INFOPLIST_FILE = TetriosTests/Info.plist;
				LD_RUNPATH_SEARCH_PATHS = "$(inherited) @executable_path/Frameworks @loader_path/Frameworks";
				PRODUCT_BUNDLE_IDENTIFIER = "Alex-Pan.TetriosTests";
				PRODUCT_NAME = "$(TARGET_NAME)";
				TEST_HOST = "$(BUILT_PRODUCTS_DIR)/Tetrios.app/Tetrios";
			};
			name = Release;
		};
		86A364AF1F1C2EA9001085E1 /* Debug */ = {
			isa = XCBuildConfiguration;
			buildSettings = {
				DEBUG_INFORMATION_FORMAT = dwarf;
				INFOPLIST_FILE = TetriosUITests/Info.plist;
				LD_RUNPATH_SEARCH_PATHS = "$(inherited) @executable_path/Frameworks @loader_path/Frameworks";
				PRODUCT_BUNDLE_IDENTIFIER = "Alex-Pan.TetriosUITests";
				PRODUCT_NAME = "$(TARGET_NAME)";
				TEST_TARGET_NAME = Tetrios;
			};
			name = Debug;
		};
		86A364B01F1C2EA9001085E1 /* Release */ = {
			isa = XCBuildConfiguration;
			buildSettings = {
				INFOPLIST_FILE = TetriosUITests/Info.plist;
				LD_RUNPATH_SEARCH_PATHS = "$(inherited) @executable_path/Frameworks @loader_path/Frameworks";
				PRODUCT_BUNDLE_IDENTIFIER = "Alex-Pan.TetriosUITests";
				PRODUCT_NAME = "$(TARGET_NAME)";
				TEST_TARGET_NAME = Tetrios;
			};
			name = Release;
		};
/* End XCBuildConfiguration section */

/* Begin XCConfigurationList section */
		86A364771F1C2EA9001085E1 /* Build configuration list for PBXProject "Tetrios" */ = {
			isa = XCConfigurationList;
			buildConfigurations = (
				86A364A61F1C2EA9001085E1 /* Debug */,
				86A364A71F1C2EA9001085E1 /* Release */,
			);
			defaultConfigurationIsVisible = 0;
			defaultConfigurationName = Release;
		};
		86A364A81F1C2EA9001085E1 /* Build configuration list for PBXNativeTarget "Tetrios" */ = {
			isa = XCConfigurationList;
			buildConfigurations = (
				86A364A91F1C2EA9001085E1 /* Debug */,
				86A364AA1F1C2EA9001085E1 /* Release */,
			);
			defaultConfigurationIsVisible = 0;
			defaultConfigurationName = Release;
		};
		86A364AB1F1C2EA9001085E1 /* Build configuration list for PBXNativeTarget "TetriosTests" */ = {
			isa = XCConfigurationList;
			buildConfigurations = (
				86A364AC1F1C2EA9001085E1 /* Debug */,
				86A364AD1F1C2EA9001085E1 /* Release */,
			);
			defaultConfigurationIsVisible = 0;
			defaultConfigurationName = Release;
		};
		86A364AE1F1C2EA9001085E1 /* Build configuration list for PBXNativeTarget "TetriosUITests" */ = {
			isa = XCConfigurationList;
			buildConfigurations = (
				86A364AF1F1C2EA9001085E1 /* Debug */,
				86A364B01F1C2EA9001085E1 /* Release */,
			);
			defaultConfigurationIsVisible = 0;
			defaultConfigurationName = Release;
		};
/* End XCConfigurationList section */
	};
	rootObject = 86A364741F1C2EA9001085E1 /* Project object */;
}
